// !$*UTF8*$!
{
	archiveVersion = 1;
	classes = {
	};
	objectVersion = 55;
	objects = {

/* Begin PBXBuildFile section */
		4FD9FFC228D0CD7F00E81FB6 /* AppDelegate.swift in Sources */ = {isa = PBXBuildFile; fileRef = 4FD9FFC128D0CD7F00E81FB6 /* AppDelegate.swift */; };
		4FD9FFC428D0CD7F00E81FB6 /* SceneDelegate.swift in Sources */ = {isa = PBXBuildFile; fileRef = 4FD9FFC328D0CD7F00E81FB6 /* SceneDelegate.swift */; };
		4FD9FFC628D0CD7F00E81FB6 /* ViewController.swift in Sources */ = {isa = PBXBuildFile; fileRef = 4FD9FFC528D0CD7F00E81FB6 /* ViewController.swift */; };
		4FD9FFC928D0CD7F00E81FB6 /* Main.storyboard in Resources */ = {isa = PBXBuildFile; fileRef = 4FD9FFC728D0CD7F00E81FB6 /* Main.storyboard */; };
		4FD9FFCB28D0CD8400E81FB6 /* Assets.xcassets in Resources */ = {isa = PBXBuildFile; fileRef = 4FD9FFCA28D0CD8400E81FB6 /* Assets.xcassets */; };
		4FD9FFCE28D0CD8400E81FB6 /* LaunchScreen.storyboard in Resources */ = {isa = PBXBuildFile; fileRef = 4FD9FFCC28D0CD8400E81FB6 /* LaunchScreen.storyboard */; };
		4FD9FFDA28D0CF4500E81FB6 /* HomeViewController.swift in Sources */ = {isa = PBXBuildFile; fileRef = 4FD9FFD928D0CF4500E81FB6 /* HomeViewController.swift */; };
		4FD9FFE028D0D0D400E81FB6 /* RecetaCell.swift in Sources */ = {isa = PBXBuildFile; fileRef = 4FD9FFDE28D0D0D400E81FB6 /* RecetaCell.swift */; };
		4FD9FFE128D0D0D400E81FB6 /* RecetaCell.xib in Resources */ = {isa = PBXBuildFile; fileRef = 4FD9FFDF28D0D0D400E81FB6 /* RecetaCell.xib */; };
		4FD9FFE328D0D67D00E81FB6 /* RecipesModel.swift in Sources */ = {isa = PBXBuildFile; fileRef = 4FD9FFE228D0D67D00E81FB6 /* RecipesModel.swift */; };
		4FD9FFE728D0D75F00E81FB6 /* NetworkError.swift in Sources */ = {isa = PBXBuildFile; fileRef = 4FD9FFE628D0D75F00E81FB6 /* NetworkError.swift */; };
		4FD9FFE928D0D76F00E81FB6 /* RequestModel.swift in Sources */ = {isa = PBXBuildFile; fileRef = 4FD9FFE828D0D76F00E81FB6 /* RequestModel.swift */; };
		4FD9FFEB28D0DAAA00E81FB6 /* HomeProvider.swift in Sources */ = {isa = PBXBuildFile; fileRef = 4FD9FFEA28D0DAAA00E81FB6 /* HomeProvider.swift */; };
		4FD9FFED28D0DB9800E81FB6 /* HomePresenter.swift in Sources */ = {isa = PBXBuildFile; fileRef = 4FD9FFEC28D0DB9800E81FB6 /* HomePresenter.swift */; };
		4FD9FFF128D0EC3A00E81FB6 /* recipes.json in Resources */ = {isa = PBXBuildFile; fileRef = 4FD9FFF028D0EC3A00E81FB6 /* recipes.json */; };
		4FD9FFF328D0EC6900E81FB6 /* JsonUtils.swift in Sources */ = {isa = PBXBuildFile; fileRef = 4FD9FFF228D0EC6900E81FB6 /* JsonUtils.swift */; };
		4FD9FFF528D0ECDF00E81FB6 /* MockManager.swift in Sources */ = {isa = PBXBuildFile; fileRef = 4FD9FFF428D0ECDF00E81FB6 /* MockManager.swift */; };
		4FD9FFF728D0ED2500E81FB6 /* HomeProviderMock.swift in Sources */ = {isa = PBXBuildFile; fileRef = 4FD9FFF628D0ED2500E81FB6 /* HomeProviderMock.swift */; };
		4FD9FFF928D0FA5A00E81FB6 /* ServiceLayer.swift in Sources */ = {isa = PBXBuildFile; fileRef = 4FD9FFF828D0FA5A00E81FB6 /* ServiceLayer.swift */; };
/* End PBXBuildFile section */

/* Begin PBXFileReference section */
		4FD9FFBE28D0CD7F00E81FB6 /* RecetasChallenge.app */ = {isa = PBXFileReference; explicitFileType = wrapper.application; includeInIndex = 0; path = RecetasChallenge.app; sourceTree = BUILT_PRODUCTS_DIR; };
		4FD9FFC128D0CD7F00E81FB6 /* AppDelegate.swift */ = {isa = PBXFileReference; lastKnownFileType = sourcecode.swift; path = AppDelegate.swift; sourceTree = "<group>"; };
		4FD9FFC328D0CD7F00E81FB6 /* SceneDelegate.swift */ = {isa = PBXFileReference; lastKnownFileType = sourcecode.swift; path = SceneDelegate.swift; sourceTree = "<group>"; };
		4FD9FFC528D0CD7F00E81FB6 /* ViewController.swift */ = {isa = PBXFileReference; lastKnownFileType = sourcecode.swift; path = ViewController.swift; sourceTree = "<group>"; };
		4FD9FFC828D0CD7F00E81FB6 /* Base */ = {isa = PBXFileReference; lastKnownFileType = file.storyboard; name = Base; path = Base.lproj/Main.storyboard; sourceTree = "<group>"; };
		4FD9FFCA28D0CD8400E81FB6 /* Assets.xcassets */ = {isa = PBXFileReference; lastKnownFileType = folder.assetcatalog; path = Assets.xcassets; sourceTree = "<group>"; };
		4FD9FFCD28D0CD8400E81FB6 /* Base */ = {isa = PBXFileReference; lastKnownFileType = file.storyboard; name = Base; path = Base.lproj/LaunchScreen.storyboard; sourceTree = "<group>"; };
		4FD9FFCF28D0CD8400E81FB6 /* Info.plist */ = {isa = PBXFileReference; lastKnownFileType = text.plist.xml; path = Info.plist; sourceTree = "<group>"; };
		4FD9FFD928D0CF4500E81FB6 /* HomeViewController.swift */ = {isa = PBXFileReference; lastKnownFileType = sourcecode.swift; path = HomeViewController.swift; sourceTree = "<group>"; };
		4FD9FFDE28D0D0D400E81FB6 /* RecetaCell.swift */ = {isa = PBXFileReference; lastKnownFileType = sourcecode.swift; path = RecetaCell.swift; sourceTree = "<group>"; };
		4FD9FFDF28D0D0D400E81FB6 /* RecetaCell.xib */ = {isa = PBXFileReference; lastKnownFileType = file.xib; path = RecetaCell.xib; sourceTree = "<group>"; };
		4FD9FFE228D0D67D00E81FB6 /* RecipesModel.swift */ = {isa = PBXFileReference; lastKnownFileType = sourcecode.swift; path = RecipesModel.swift; sourceTree = "<group>"; };
		4FD9FFE628D0D75F00E81FB6 /* NetworkError.swift */ = {isa = PBXFileReference; lastKnownFileType = sourcecode.swift; path = NetworkError.swift; sourceTree = "<group>"; };
		4FD9FFE828D0D76F00E81FB6 /* RequestModel.swift */ = {isa = PBXFileReference; lastKnownFileType = sourcecode.swift; path = RequestModel.swift; sourceTree = "<group>"; };
		4FD9FFEA28D0DAAA00E81FB6 /* HomeProvider.swift */ = {isa = PBXFileReference; lastKnownFileType = sourcecode.swift; path = HomeProvider.swift; sourceTree = "<group>"; };
		4FD9FFEC28D0DB9800E81FB6 /* HomePresenter.swift */ = {isa = PBXFileReference; lastKnownFileType = sourcecode.swift; path = HomePresenter.swift; sourceTree = "<group>"; };
		4FD9FFF028D0EC3A00E81FB6 /* recipes.json */ = {isa = PBXFileReference; lastKnownFileType = text.json; path = recipes.json; sourceTree = "<group>"; };
		4FD9FFF228D0EC6900E81FB6 /* JsonUtils.swift */ = {isa = PBXFileReference; lastKnownFileType = sourcecode.swift; path = JsonUtils.swift; sourceTree = "<group>"; };
		4FD9FFF428D0ECDF00E81FB6 /* MockManager.swift */ = {isa = PBXFileReference; lastKnownFileType = sourcecode.swift; name = MockManager.swift; path = RecetasChallenge/Utility/MockManager.swift; sourceTree = SOURCE_ROOT; };
		4FD9FFF628D0ED2500E81FB6 /* HomeProviderMock.swift */ = {isa = PBXFileReference; lastKnownFileType = sourcecode.swift; path = HomeProviderMock.swift; sourceTree = "<group>"; };
		4FD9FFF828D0FA5A00E81FB6 /* ServiceLayer.swift */ = {isa = PBXFileReference; lastKnownFileType = sourcecode.swift; path = ServiceLayer.swift; sourceTree = "<group>"; };
/* End PBXFileReference section */

/* Begin PBXFrameworksBuildPhase section */
		4FD9FFBB28D0CD7F00E81FB6 /* Frameworks */ = {
			isa = PBXFrameworksBuildPhase;
			buildActionMask = 2147483647;
			files = (
			);
			runOnlyForDeploymentPostprocessing = 0;
		};
/* End PBXFrameworksBuildPhase section */

/* Begin PBXGroup section */
		4FD9FFB528D0CD7F00E81FB6 = {
			isa = PBXGroup;
			children = (
				4FD9FFC028D0CD7F00E81FB6 /* RecetasChallenge */,
				4FD9FFBF28D0CD7F00E81FB6 /* Products */,
			);
			sourceTree = "<group>";
		};
		4FD9FFBF28D0CD7F00E81FB6 /* Products */ = {
			isa = PBXGroup;
			children = (
				4FD9FFBE28D0CD7F00E81FB6 /* RecetasChallenge.app */,
			);
			name = Products;
			sourceTree = "<group>";
		};
		4FD9FFC028D0CD7F00E81FB6 /* RecetasChallenge */ = {
			isa = PBXGroup;
			children = (
				4FD9FFEE28D0EBE800E81FB6 /* Utility */,
				4FD9FFD728D0CEDE00E81FB6 /* NetworkService */,
				4FD9FFD628D0CEDA00E81FB6 /* Model */,
				4FD9FFD828D0CF0700E81FB6 /* Home */,
				4FD9FFC128D0CD7F00E81FB6 /* AppDelegate.swift */,
				4FD9FFC328D0CD7F00E81FB6 /* SceneDelegate.swift */,
				4FD9FFC528D0CD7F00E81FB6 /* ViewController.swift */,
				4FD9FFC728D0CD7F00E81FB6 /* Main.storyboard */,
				4FD9FFCA28D0CD8400E81FB6 /* Assets.xcassets */,
				4FD9FFCC28D0CD8400E81FB6 /* LaunchScreen.storyboard */,
				4FD9FFCF28D0CD8400E81FB6 /* Info.plist */,
			);
			path = RecetasChallenge;
			sourceTree = "<group>";
		};
		4FD9FFD528D0CED100E81FB6 /* View */ = {
			isa = PBXGroup;
			children = (
				4FD9FFDD28D0D09E00E81FB6 /* CustomCell */,
				4FD9FFD928D0CF4500E81FB6 /* HomeViewController.swift */,
			);
			path = View;
			sourceTree = "<group>";
		};
		4FD9FFD628D0CEDA00E81FB6 /* Model */ = {
			isa = PBXGroup;
			children = (
				4FD9FFE228D0D67D00E81FB6 /* RecipesModel.swift */,
			);
			path = Model;
			sourceTree = "<group>";
		};
		4FD9FFD728D0CEDE00E81FB6 /* NetworkService */ = {
			isa = PBXGroup;
			children = (
				4FD9FFE628D0D75F00E81FB6 /* NetworkError.swift */,
				4FD9FFE828D0D76F00E81FB6 /* RequestModel.swift */,
				4FD9FFF828D0FA5A00E81FB6 /* ServiceLayer.swift */,
			);
			path = NetworkService;
			sourceTree = "<group>";
		};
		4FD9FFD828D0CF0700E81FB6 /* Home */ = {
			isa = PBXGroup;
			children = (
				4FD9FFD528D0CED100E81FB6 /* View */,
				4FD9FFDC28D0CF6300E81FB6 /* Presenter */,
				4FD9FFDB28D0CF5A00E81FB6 /* Provider */,
			);
			path = Home;
			sourceTree = "<group>";
		};
		4FD9FFDB28D0CF5A00E81FB6 /* Provider */ = {
			isa = PBXGroup;
			children = (
				4FD9FFEA28D0DAAA00E81FB6 /* HomeProvider.swift */,
				4FD9FFF628D0ED2500E81FB6 /* HomeProviderMock.swift */,
			);
			path = Provider;
			sourceTree = "<group>";
		};
		4FD9FFDC28D0CF6300E81FB6 /* Presenter */ = {
			isa = PBXGroup;
			children = (
				4FD9FFEC28D0DB9800E81FB6 /* HomePresenter.swift */,
			);
			path = Presenter;
			sourceTree = "<group>";
		};
		4FD9FFDD28D0D09E00E81FB6 /* CustomCell */ = {
			isa = PBXGroup;
			children = (
				4FD9FFDE28D0D0D400E81FB6 /* RecetaCell.swift */,
				4FD9FFDF28D0D0D400E81FB6 /* RecetaCell.xib */,
			);
			path = CustomCell;
			sourceTree = "<group>";
		};
		4FD9FFEE28D0EBE800E81FB6 /* Utility */ = {
			isa = PBXGroup;
			children = (
				4FD9FFEF28D0EBF200E81FB6 /* Mock */,
				4FD9FFF228D0EC6900E81FB6 /* JsonUtils.swift */,
			);
			path = Utility;
			sourceTree = "<group>";
		};
		4FD9FFEF28D0EBF200E81FB6 /* Mock */ = {
			isa = PBXGroup;
			children = (
				4FD9FFF028D0EC3A00E81FB6 /* recipes.json */,
				4FD9FFF428D0ECDF00E81FB6 /* MockManager.swift */,
			);
			path = Mock;
			sourceTree = "<group>";
		};
/* End PBXGroup section */

/* Begin PBXNativeTarget section */
		4FD9FFBD28D0CD7F00E81FB6 /* RecetasChallenge */ = {
			isa = PBXNativeTarget;
			buildConfigurationList = 4FD9FFD228D0CD8400E81FB6 /* Build configuration list for PBXNativeTarget "RecetasChallenge" */;
			buildPhases = (
				4FD9FFBA28D0CD7F00E81FB6 /* Sources */,
				4FD9FFBB28D0CD7F00E81FB6 /* Frameworks */,
				4FD9FFBC28D0CD7F00E81FB6 /* Resources */,
			);
			buildRules = (
			);
			dependencies = (
			);
			name = RecetasChallenge;
			productName = RecetasChallenge;
			productReference = 4FD9FFBE28D0CD7F00E81FB6 /* RecetasChallenge.app */;
			productType = "com.apple.product-type.application";
		};
/* End PBXNativeTarget section */

/* Begin PBXProject section */
		4FD9FFB628D0CD7F00E81FB6 /* Project object */ = {
			isa = PBXProject;
			attributes = {
				BuildIndependentTargetsInParallel = 1;
				LastSwiftUpdateCheck = 1320;
				LastUpgradeCheck = 1320;
				TargetAttributes = {
					4FD9FFBD28D0CD7F00E81FB6 = {
						CreatedOnToolsVersion = 13.2.1;
					};
				};
			};
			buildConfigurationList = 4FD9FFB928D0CD7F00E81FB6 /* Build configuration list for PBXProject "RecetasChallenge" */;
			compatibilityVersion = "Xcode 13.0";
			developmentRegion = en;
			hasScannedForEncodings = 0;
			knownRegions = (
				en,
				Base,
			);
			mainGroup = 4FD9FFB528D0CD7F00E81FB6;
			productRefGroup = 4FD9FFBF28D0CD7F00E81FB6 /* Products */;
			projectDirPath = "";
			projectRoot = "";
			targets = (
				4FD9FFBD28D0CD7F00E81FB6 /* RecetasChallenge */,
			);
		};
/* End PBXProject section */

/* Begin PBXResourcesBuildPhase section */
		4FD9FFBC28D0CD7F00E81FB6 /* Resources */ = {
			isa = PBXResourcesBuildPhase;
			buildActionMask = 2147483647;
			files = (
				4FD9FFF128D0EC3A00E81FB6 /* recipes.json in Resources */,
				4FD9FFCE28D0CD8400E81FB6 /* LaunchScreen.storyboard in Resources */,
				4FD9FFCB28D0CD8400E81FB6 /* Assets.xcassets in Resources */,
				4FD9FFC928D0CD7F00E81FB6 /* Main.storyboard in Resources */,
				4FD9FFE128D0D0D400E81FB6 /* RecetaCell.xib in Resources */,
			);
			runOnlyForDeploymentPostprocessing = 0;
		};
/* End PBXResourcesBuildPhase section */

/* Begin PBXSourcesBuildPhase section */
		4FD9FFBA28D0CD7F00E81FB6 /* Sources */ = {
			isa = PBXSourcesBuildPhase;
			buildActionMask = 2147483647;
			files = (
				4FD9FFE028D0D0D400E81FB6 /* RecetaCell.swift in Sources */,
				4FD9FFE728D0D75F00E81FB6 /* NetworkError.swift in Sources */,
				4FD9FFE328D0D67D00E81FB6 /* RecipesModel.swift in Sources */,
				4FD9FFF528D0ECDF00E81FB6 /* MockManager.swift in Sources */,
				4FD9FFC628D0CD7F00E81FB6 /* ViewController.swift in Sources */,
				4FD9FFF328D0EC6900E81FB6 /* JsonUtils.swift in Sources */,
				4FD9FFEB28D0DAAA00E81FB6 /* HomeProvider.swift in Sources */,
				4FD9FFE928D0D76F00E81FB6 /* RequestModel.swift in Sources */,
				4FD9FFC228D0CD7F00E81FB6 /* AppDelegate.swift in Sources */,
				4FD9FFC428D0CD7F00E81FB6 /* SceneDelegate.swift in Sources */,
				4FD9FFDA28D0CF4500E81FB6 /* HomeViewController.swift in Sources */,
				4FD9FFED28D0DB9800E81FB6 /* HomePresenter.swift in Sources */,
				4FD9FFF728D0ED2500E81FB6 /* HomeProviderMock.swift in Sources */,
				4FD9FFF928D0FA5A00E81FB6 /* ServiceLayer.swift in Sources */,
			);
			runOnlyForDeploymentPostprocessing = 0;
		};
/* End PBXSourcesBuildPhase section */

/* Begin PBXVariantGroup section */
		4FD9FFC728D0CD7F00E81FB6 /* Main.storyboard */ = {
			isa = PBXVariantGroup;
			children = (
				4FD9FFC828D0CD7F00E81FB6 /* Base */,
			);
			name = Main.storyboard;
			sourceTree = "<group>";
		};
		4FD9FFCC28D0CD8400E81FB6 /* LaunchScreen.storyboard */ = {
			isa = PBXVariantGroup;
			children = (
				4FD9FFCD28D0CD8400E81FB6 /* Base */,
			);
			name = LaunchScreen.storyboard;
			sourceTree = "<group>";
		};
/* End PBXVariantGroup section */

/* Begin XCBuildConfiguration section */
		4FD9FFD028D0CD8400E81FB6 /* Debug */ = {
			isa = XCBuildConfiguration;
			buildSettings = {
				ALWAYS_SEARCH_USER_PATHS = NO;
				CLANG_ANALYZER_NONNULL = YES;
				CLANG_ANALYZER_NUMBER_OBJECT_CONVERSION = YES_AGGRESSIVE;
				CLANG_CXX_LANGUAGE_STANDARD = "gnu++17";
				CLANG_CXX_LIBRARY = "libc++";
				CLANG_ENABLE_MODULES = YES;
				CLANG_ENABLE_OBJC_ARC = YES;
				CLANG_ENABLE_OBJC_WEAK = YES;
				CLANG_WARN_BLOCK_CAPTURE_AUTORELEASING = YES;
				CLANG_WARN_BOOL_CONVERSION = YES;
				CLANG_WARN_COMMA = YES;
				CLANG_WARN_CONSTANT_CONVERSION = YES;
				CLANG_WARN_DEPRECATED_OBJC_IMPLEMENTATIONS = YES;
				CLANG_WARN_DIRECT_OBJC_ISA_USAGE = YES_ERROR;
				CLANG_WARN_DOCUMENTATION_COMMENTS = YES;
				CLANG_WARN_EMPTY_BODY = YES;
				CLANG_WARN_ENUM_CONVERSION = YES;
				CLANG_WARN_INFINITE_RECURSION = YES;
				CLANG_WARN_INT_CONVERSION = YES;
				CLANG_WARN_NON_LITERAL_NULL_CONVERSION = YES;
				CLANG_WARN_OBJC_IMPLICIT_RETAIN_SELF = YES;
				CLANG_WARN_OBJC_LITERAL_CONVERSION = YES;
				CLANG_WARN_OBJC_ROOT_CLASS = YES_ERROR;
				CLANG_WARN_QUOTED_INCLUDE_IN_FRAMEWORK_HEADER = YES;
				CLANG_WARN_RANGE_LOOP_ANALYSIS = YES;
				CLANG_WARN_STRICT_PROTOTYPES = YES;
				CLANG_WARN_SUSPICIOUS_MOVE = YES;
				CLANG_WARN_UNGUARDED_AVAILABILITY = YES_AGGRESSIVE;
				CLANG_WARN_UNREACHABLE_CODE = YES;
				CLANG_WARN__DUPLICATE_METHOD_MATCH = YES;
				COPY_PHASE_STRIP = NO;
				DEBUG_INFORMATION_FORMAT = dwarf;
				ENABLE_STRICT_OBJC_MSGSEND = YES;
				ENABLE_TESTABILITY = YES;
				GCC_C_LANGUAGE_STANDARD = gnu11;
				GCC_DYNAMIC_NO_PIC = NO;
				GCC_NO_COMMON_BLOCKS = YES;
				GCC_OPTIMIZATION_LEVEL = 0;
				GCC_PREPROCESSOR_DEFINITIONS = (
					"DEBUG=1",
					"$(inherited)",
				);
				GCC_WARN_64_TO_32_BIT_CONVERSION = YES;
				GCC_WARN_ABOUT_RETURN_TYPE = YES_ERROR;
				GCC_WARN_UNDECLARED_SELECTOR = YES;
				GCC_WARN_UNINITIALIZED_AUTOS = YES_AGGRESSIVE;
				GCC_WARN_UNUSED_FUNCTION = YES;
				GCC_WARN_UNUSED_VARIABLE = YES;
				IPHONEOS_DEPLOYMENT_TARGET = 15.2;
				MTL_ENABLE_DEBUG_INFO = INCLUDE_SOURCE;
				MTL_FAST_MATH = YES;
				ONLY_ACTIVE_ARCH = YES;
				SDKROOT = iphoneos;
				SWIFT_ACTIVE_COMPILATION_CONDITIONS = DEBUG;
				SWIFT_OPTIMIZATION_LEVEL = "-Onone";
			};
			name = Debug;
		};
		4FD9FFD128D0CD8400E81FB6 /* Release */ = {
			isa = XCBuildConfiguration;
			buildSettings = {
				ALWAYS_SEARCH_USER_PATHS = NO;
				CLANG_ANALYZER_NONNULL = YES;
				CLANG_ANALYZER_NUMBER_OBJECT_CONVERSION = YES_AGGRESSIVE;
				CLANG_CXX_LANGUAGE_STANDARD = "gnu++17";
				CLANG_CXX_LIBRARY = "libc++";
				CLANG_ENABLE_MODULES = YES;
				CLANG_ENABLE_OBJC_ARC = YES;
				CLANG_ENABLE_OBJC_WEAK = YES;
				CLANG_WARN_BLOCK_CAPTURE_AUTORELEASING = YES;
				CLANG_WARN_BOOL_CONVERSION = YES;
				CLANG_WARN_COMMA = YES;
				CLANG_WARN_CONSTANT_CONVERSION = YES;
				CLANG_WARN_DEPRECATED_OBJC_IMPLEMENTATIONS = YES;
				CLANG_WARN_DIRECT_OBJC_ISA_USAGE = YES_ERROR;
				CLANG_WARN_DOCUMENTATION_COMMENTS = YES;
				CLANG_WARN_EMPTY_BODY = YES;
				CLANG_WARN_ENUM_CONVERSION = YES;
				CLANG_WARN_INFINITE_RECURSION = YES;
				CLANG_WARN_INT_CONVERSION = YES;
				CLANG_WARN_NON_LITERAL_NULL_CONVERSION = YES;
				CLANG_WARN_OBJC_IMPLICIT_RETAIN_SELF = YES;
				CLANG_WARN_OBJC_LITERAL_CONVERSION = YES;
				CLANG_WARN_OBJC_ROOT_CLASS = YES_ERROR;
				CLANG_WARN_QUOTED_INCLUDE_IN_FRAMEWORK_HEADER = YES;
				CLANG_WARN_RANGE_LOOP_ANALYSIS = YES;
				CLANG_WARN_STRICT_PROTOTYPES = YES;
				CLANG_WARN_SUSPICIOUS_MOVE = YES;
				CLANG_WARN_UNGUARDED_AVAILABILITY = YES_AGGRESSIVE;
				CLANG_WARN_UNREACHABLE_CODE = YES;
				CLANG_WARN__DUPLICATE_METHOD_MATCH = YES;
				COPY_PHASE_STRIP = NO;
				DEBUG_INFORMATION_FORMAT = "dwarf-with-dsym";
				ENABLE_NS_ASSERTIONS = NO;
				ENABLE_STRICT_OBJC_MSGSEND = YES;
				GCC_C_LANGUAGE_STANDARD = gnu11;
				GCC_NO_COMMON_BLOCKS = YES;
				GCC_WARN_64_TO_32_BIT_CONVERSION = YES;
				GCC_WARN_ABOUT_RETURN_TYPE = YES_ERROR;
				GCC_WARN_UNDECLARED_SELECTOR = YES;
				GCC_WARN_UNINITIALIZED_AUTOS = YES_AGGRESSIVE;
				GCC_WARN_UNUSED_FUNCTION = YES;
				GCC_WARN_UNUSED_VARIABLE = YES;
				IPHONEOS_DEPLOYMENT_TARGET = 15.2;
				MTL_ENABLE_DEBUG_INFO = NO;
				MTL_FAST_MATH = YES;
				SDKROOT = iphoneos;
				SWIFT_COMPILATION_MODE = wholemodule;
				SWIFT_OPTIMIZATION_LEVEL = "-O";
				VALIDATE_PRODUCT = YES;
			};
			name = Release;
		};
		4FD9FFD328D0CD8400E81FB6 /* Debug */ = {
			isa = XCBuildConfiguration;
			buildSettings = {
				ASSETCATALOG_COMPILER_APPICON_NAME = AppIcon;
				ASSETCATALOG_COMPILER_GLOBAL_ACCENT_COLOR_NAME = AccentColor;
				CODE_SIGN_STYLE = Automatic;
				CURRENT_PROJECT_VERSION = 1;
				GENERATE_INFOPLIST_FILE = YES;
				INFOPLIST_FILE = RecetasChallenge/Info.plist;
				INFOPLIST_KEY_UIApplicationSupportsIndirectInputEvents = YES;
				INFOPLIST_KEY_UILaunchStoryboardName = LaunchScreen;
				INFOPLIST_KEY_UIMainStoryboardFile = Main;
				INFOPLIST_KEY_UISupportedInterfaceOrientations_iPad = "UIInterfaceOrientationPortrait UIInterfaceOrientationPortraitUpsideDown UIInterfaceOrientationLandscapeLeft UIInterfaceOrientationLandscapeRight";
				INFOPLIST_KEY_UISupportedInterfaceOrientations_iPhone = "UIInterfaceOrientationPortrait UIInterfaceOrientationLandscapeLeft UIInterfaceOrientationLandscapeRight";
				LD_RUNPATH_SEARCH_PATHS = (
					"$(inherited)",
					"@executable_path/Frameworks",
				);
				MARKETING_VERSION = 1.0;
				PRODUCT_BUNDLE_IDENTIFIER = valeroIvan.RecetasChallenge;
				PRODUCT_NAME = "$(TARGET_NAME)";
				SWIFT_EMIT_LOC_STRINGS = YES;
				SWIFT_VERSION = 5.0;
				TARGETED_DEVICE_FAMILY = "1,2";
			};
			name = Debug;
		};
		4FD9FFD428D0CD8400E81FB6 /* Release */ = {
			isa = XCBuildConfiguration;
			buildSettings = {
				ASSETCATALOG_COMPILER_APPICON_NAME = AppIcon;
				ASSETCATALOG_COMPILER_GLOBAL_ACCENT_COLOR_NAME = AccentColor;
				CODE_SIGN_STYLE = Automatic;
				CURRENT_PROJECT_VERSION = 1;
				GENERATE_INFOPLIST_FILE = YES;
				INFOPLIST_FILE = RecetasChallenge/Info.plist;
				INFOPLIST_KEY_UIApplicationSupportsIndirectInputEvents = YES;
				INFOPLIST_KEY_UILaunchStoryboardName = LaunchScreen;
				INFOPLIST_KEY_UIMainStoryboardFile = Main;
				INFOPLIST_KEY_UISupportedInterfaceOrientations_iPad = "UIInterfaceOrientationPortrait UIInterfaceOrientationPortraitUpsideDown UIInterfaceOrientationLandscapeLeft UIInterfaceOrientationLandscapeRight";
				INFOPLIST_KEY_UISupportedInterfaceOrientations_iPhone = "UIInterfaceOrientationPortrait UIInterfaceOrientationLandscapeLeft UIInterfaceOrientationLandscapeRight";
				LD_RUNPATH_SEARCH_PATHS = (
					"$(inherited)",
					"@executable_path/Frameworks",
				);
				MARKETING_VERSION = 1.0;
				PRODUCT_BUNDLE_IDENTIFIER = valeroIvan.RecetasChallenge;
				PRODUCT_NAME = "$(TARGET_NAME)";
				SWIFT_EMIT_LOC_STRINGS = YES;
				SWIFT_VERSION = 5.0;
				TARGETED_DEVICE_FAMILY = "1,2";
			};
			name = Release;
		};
/* End XCBuildConfiguration section */

/* Begin XCConfigurationList section */
		4FD9FFB928D0CD7F00E81FB6 /* Build configuration list for PBXProject "RecetasChallenge" */ = {
			isa = XCConfigurationList;
			buildConfigurations = (
				4FD9FFD028D0CD8400E81FB6 /* Debug */,
				4FD9FFD128D0CD8400E81FB6 /* Release */,
			);
			defaultConfigurationIsVisible = 0;
			defaultConfigurationName = Release;
		};
		4FD9FFD228D0CD8400E81FB6 /* Build configuration list for PBXNativeTarget "RecetasChallenge" */ = {
			isa = XCConfigurationList;
			buildConfigurations = (
				4FD9FFD328D0CD8400E81FB6 /* Debug */,
				4FD9FFD428D0CD8400E81FB6 /* Release */,
			);
			defaultConfigurationIsVisible = 0;
			defaultConfigurationName = Release;
		};
/* End XCConfigurationList section */
	};
	rootObject = 4FD9FFB628D0CD7F00E81FB6 /* Project object */;
}
